{
  "name": "harbourview-platform",
  "version": "1.0.1",
  "lockfileVersion": 3,
  "requires": true,
  "packages": {
    "": {
      "name": "harbourview-platform",
      "version": "1.0.1",
      "dependencies": {
        "@anthropic-ai/sdk": "^0.124.0",
        "@google/genai": "^2.21.0",
        "@googleapis/drive": "^22.0.0",
        "@react-three/drei": "^10.7.8",
        "@react-three/fiber": "^9.7.0",
        "@react-three/postprocessing": "^3.1.1",
        "@sentry/nextjs": "^10.73.0",
        "@supabase/ssr": "^0.12.6",
        "@supabase/supabase-js": "^2.116.0",
        "@tanstack/react-query": "^5.102.8",
        "@upstash/ratelimit": "^2.0.8",
        "@upstash/redis": "^1.38.4",
        "class-variance-authority": "^0.7.1",
        "framer-motion": "^12.23.12",
        "googleapis-common": "^9.0.4",
        "html-to-image": "^1.11.13",
        "jspdf": "^3.0.1",
        "linkedom": "^0.18.12",
        "lucide-react": "^1.42.0",
        "next": "^16.3.4",
        "postprocessing": "^6.39.4",
        "react": "^19.2.8",
        "react-dom": "^19.2.8",
        "recharts": "^3.1.2",
        "server-only": "^0.0.1",
        "sonner": "^2.0.8",
        "stripe": "^22.6.1",
        "three": "^0.185.1",
        "zod": "^4.5.4"
      }
    }
  }
}
